
Microsoft Visual Studio Solution File, Format Version 12.00
# Visual Studio 2015
Project("{FAE04EC0-301F-11D3-BF4B-00C04F79EFBC}") = "skiing", "skiing.csproj", "{9BB6E0A0-894C-B34F-91B9-20F18F6726A5}"
EndProject
Global
	GlobalSection(SolutionConfigurationPlatforms) = preSolution
		Debug|Any CPU = Debug|Any CPU
		Release|Any CPU = Release|Any CPU
	EndGlobalSection
	GlobalSection(ProjectConfigurationPlatforms) = postSolution
		{9BB6E0A0-894C-B34F-91B9-20F18F6726A5}.Debug|Any CPU.ActiveCfg = Debug|Any CPU
		{9BB6E0A0-894C-B34F-91B9-20F18F6726A5}.Debug|Any CPU.Build.0 = Debug|Any CPU
		{9BB6E0A0-894C-B34F-91B9-20F18F6726A5}.Release|Any CPU.ActiveCfg = Release|Any CPU
		{9BB6E0A0-894C-B34F-91B9-20F18F6726A5}.Release|Any CPU.Build.0 = Release|Any CPU
	EndGlobalSection
	GlobalSection(SolutionProperties) = preSolution
		HideSolutionNode = FALSE
	EndGlobalSection
EndGlobal
